
Microsoft Visual Studio Solution File, Format Version 12.00
# Visual Studio Version 17
VisualStudioVersion = 17.13.35931.197
MinimumVisualStudioVersion = 10.0.40219.1
Project("{FAE04EC0-301F-11D3-BF4B-00C04F79EFBC}") = "RepeatingDecimals", "RepeatingDecimals\RepeatingDecimals.csproj", "{CDA445FE-7A3B-4BE8-829D-367609530D7A}"
EndProject
Project("{FAE04EC0-301F-11D3-BF4B-00C04F79EFBC}") = "RepeatingDecimalsLibrary", "RepeatingDecimalsLibrary\RepeatingDecimalsLibrary.csproj", "{D85B0EE5-ED84-4193-A356-FA9764E90D64}"
EndProject
Global
	GlobalSection(SolutionConfigurationPlatforms) = preSolution
		Debug|Any CPU = Debug|Any CPU
		Release|Any CPU = Release|Any CPU
	EndGlobalSection
	GlobalSection(ProjectConfigurationPlatforms) = postSolution
		{CDA445FE-7A3B-4BE8-829D-367609530D7A}.Debug|Any CPU.ActiveCfg = Debug|Any CPU
		{CDA445FE-7A3B-4BE8-829D-367609530D7A}.Debug|Any CPU.Build.0 = Debug|Any CPU
		{CDA445FE-7A3B-4BE8-829D-367609530D7A}.Release|Any CPU.ActiveCfg = Release|Any CPU
		{CDA445FE-7A3B-4BE8-829D-367609530D7A}.Release|Any CPU.Build.0 = Release|Any CPU
		{D85B0EE5-ED84-4193-A356-FA9764E90D64}.Debug|Any CPU.ActiveCfg = Debug|Any CPU
		{D85B0EE5-ED84-4193-A356-FA9764E90D64}.Debug|Any CPU.Build.0 = Debug|Any CPU
		{D85B0EE5-ED84-4193-A356-FA9764E90D64}.Release|Any CPU.ActiveCfg = Release|Any CPU
		{D85B0EE5-ED84-4193-A356-FA9764E90D64}.Release|Any CPU.Build.0 = Release|Any CPU
	EndGlobalSection
	GlobalSection(SolutionProperties) = preSolution
		HideSolutionNode = FALSE
	EndGlobalSection
	GlobalSection(ExtensibilityGlobals) = postSolution
		SolutionGuid = {50887EC0-4DD6-4BC5-A906-1562B9ECADC2}
	EndGlobalSection
EndGlobal
